
Microsoft Visual Studio Solution File, Format Version 12.00
# Visual Studio Version 17
VisualStudioVersion = 17.11.35327.3
MinimumVisualStudioVersion = 10.0.40219.1
Project("{9A19103F-16F7-4668-BE54-9A1E7A4F7556}") = "AppInCube", "AppInCube\AppInCube.csproj", "{2138F1C0-B1F2-4092-A5C5-8A3D650281A8}"
EndProject
Global
	GlobalSection(SolutionConfigurationPlatforms) = preSolution
		Debug|Any CPU = Debug|Any CPU
		Release|Any CPU = Release|Any CPU
	EndGlobalSection
	GlobalSection(ProjectConfigurationPlatforms) = postSolution
		{2138F1C0-B1F2-4092-A5C5-8A3D650281A8}.Debug|Any CPU.ActiveCfg = Debug|Any CPU
		{2138F1C0-B1F2-4092-A5C5-8A3D650281A8}.Debug|Any CPU.Build.0 = Debug|Any CPU
		{2138F1C0-B1F2-4092-A5C5-8A3D650281A8}.Debug|Any CPU.Deploy.0 = Debug|Any CPU
		{2138F1C0-B1F2-4092-A5C5-8A3D650281A8}.Release|Any CPU.ActiveCfg = Release|Any CPU
		{2138F1C0-B1F2-4092-A5C5-8A3D650281A8}.Release|Any CPU.Build.0 = Release|Any CPU
		{2138F1C0-B1F2-4092-A5C5-8A3D650281A8}.Release|Any CPU.Deploy.0 = Release|Any CPU
	EndGlobalSection
	GlobalSection(SolutionProperties) = preSolution
		HideSolutionNode = FALSE
	EndGlobalSection
	GlobalSection(ExtensibilityGlobals) = postSolution
		SolutionGuid = {C5B47DF4-7E79-441C-9F6F-A7B768519D30}
	EndGlobalSection
EndGlobal
